Microsoft Visual Studio Solution File, Format Version 12.00
# Visual Studio 2012
Project("{FAE04EC0-301F-11D3-BF4B-00C04F79EFBC}") = "3D Birds", "3D Birds.csproj", "{CD57C57C-777C-4531-970B-D3809C94994D}"
EndProject
Global
	GlobalSection(SolutionConfigurationPlatforms) = preSolution
	Debug|Any CPU = Debug|Any CPU
	ExportDebug|Any CPU = ExportDebug|Any CPU
	ExportRelease|Any CPU = ExportRelease|Any CPU
	EndGlobalSection
	GlobalSection(ProjectConfigurationPlatforms) = postSolution
		{CD57C57C-777C-4531-970B-D3809C94994D}.Debug|Any CPU.ActiveCfg = Debug|Any CPU
		{CD57C57C-777C-4531-970B-D3809C94994D}.Debug|Any CPU.Build.0 = Debug|Any CPU
		{CD57C57C-777C-4531-970B-D3809C94994D}.ExportDebug|Any CPU.ActiveCfg = ExportDebug|Any CPU
		{CD57C57C-777C-4531-970B-D3809C94994D}.ExportDebug|Any CPU.Build.0 = ExportDebug|Any CPU
		{CD57C57C-777C-4531-970B-D3809C94994D}.ExportRelease|Any CPU.ActiveCfg = ExportRelease|Any CPU
		{CD57C57C-777C-4531-970B-D3809C94994D}.ExportRelease|Any CPU.Build.0 = ExportRelease|Any CPU
	EndGlobalSection
EndGlobal
